
Microsoft Visual Studio Solution File, Format Version 12.00
# Visual Studio Version 17
VisualStudioVersion = 17.0.32112.339
MinimumVisualStudioVersion = 10.0.40219.1
Project("{FAE04EC0-301F-11D3-BF4B-00C04F79EFBC}") = "labb2 - calculator", "labb2 - calculator.csproj", "{91BBEF8A-DDC4-4C4B-9DC0-92D66F1C3ECF}"
EndProject
Global
	GlobalSection(SolutionConfigurationPlatforms) = preSolution
		Debug|Any CPU = Debug|Any CPU
		Release|Any CPU = Release|Any CPU
	EndGlobalSection
	GlobalSection(ProjectConfigurationPlatforms) = postSolution
		{91BBEF8A-DDC4-4C4B-9DC0-92D66F1C3ECF}.Debug|Any CPU.ActiveCfg = Debug|Any CPU
		{91BBEF8A-DDC4-4C4B-9DC0-92D66F1C3ECF}.Debug|Any CPU.Build.0 = Debug|Any CPU
		{91BBEF8A-DDC4-4C4B-9DC0-92D66F1C3ECF}.Release|Any CPU.ActiveCfg = Release|Any CPU
		{91BBEF8A-DDC4-4C4B-9DC0-92D66F1C3ECF}.Release|Any CPU.Build.0 = Release|Any CPU
	EndGlobalSection
	GlobalSection(SolutionProperties) = preSolution
		HideSolutionNode = FALSE
	EndGlobalSection
	GlobalSection(ExtensibilityGlobals) = postSolution
		SolutionGuid = {01FD4718-7B1F-4C8D-9B91-05F74D697990}
	EndGlobalSection
EndGlobal
